
Microsoft Visual Studio Solution File, Format Version 12.00
# Visual Studio Version 16
VisualStudioVersion = 16.0.28922.388
MinimumVisualStudioVersion = 10.0.40219.1
Project("{FAE04EC0-301F-11D3-BF4B-00C04F79EFBC}") = "WebApplication1", "WebApplication1\WebApplication1.csproj", "{B5DFD49E-E5B6-49BE-9782-45A3A1C75D6A}"
EndProject
Global
	GlobalSection(SolutionConfigurationPlatforms) = preSolution
		Debug|Any CPU = Debug|Any CPU
		Release|Any CPU = Release|Any CPU
	EndGlobalSection
	GlobalSection(ProjectConfigurationPlatforms) = postSolution
		{B5DFD49E-E5B6-49BE-9782-45A3A1C75D6A}.Debug|Any CPU.ActiveCfg = Debug|Any CPU
		{B5DFD49E-E5B6-49BE-9782-45A3A1C75D6A}.Debug|Any CPU.Build.0 = Debug|Any CPU
		{B5DFD49E-E5B6-49BE-9782-45A3A1C75D6A}.Release|Any CPU.ActiveCfg = Release|Any CPU
		{B5DFD49E-E5B6-49BE-9782-45A3A1C75D6A}.Release|Any CPU.Build.0 = Release|Any CPU
	EndGlobalSection
	GlobalSection(SolutionProperties) = preSolution
		HideSolutionNode = FALSE
	EndGlobalSection
	GlobalSection(ExtensibilityGlobals) = postSolution
		SolutionGuid = {E4784378-2FC9-40E9-8F8A-82CD04BF0CD4}
	EndGlobalSection
EndGlobal
